
Microsoft Visual Studio Solution File, Format Version 12.00
# Visual Studio Version 17
VisualStudioVersion = 17.4.33110.190
MinimumVisualStudioVersion = 10.0.40219.1
Project("{FAE04EC0-301F-11D3-BF4B-00C04F79EFBC}") = "CalculatorApp401", "CalculatorApp401.csproj", "{38BF1DEB-26A9-4CDD-9C3B-E27E3274B1A3}"
EndProject
Global
	GlobalSection(SolutionConfigurationPlatforms) = preSolution
		Debug|Any CPU = Debug|Any CPU
		Release|Any CPU = Release|Any CPU
	EndGlobalSection
	GlobalSection(ProjectConfigurationPlatforms) = postSolution
		{38BF1DEB-26A9-4CDD-9C3B-E27E3274B1A3}.Debug|Any CPU.ActiveCfg = Debug|Any CPU
		{38BF1DEB-26A9-4CDD-9C3B-E27E3274B1A3}.Debug|Any CPU.Build.0 = Debug|Any CPU
		{38BF1DEB-26A9-4CDD-9C3B-E27E3274B1A3}.Release|Any CPU.ActiveCfg = Release|Any CPU
		{38BF1DEB-26A9-4CDD-9C3B-E27E3274B1A3}.Release|Any CPU.Build.0 = Release|Any CPU
	EndGlobalSection
	GlobalSection(SolutionProperties) = preSolution
		HideSolutionNode = FALSE
	EndGlobalSection
	GlobalSection(ExtensibilityGlobals) = postSolution
		SolutionGuid = {1FAB1214-80CA-45AD-B707-BF4D5A501B61}
	EndGlobalSection
EndGlobal
